
Microsoft Visual Studio Solution File, Format Version 12.00
# Visual Studio Version 17
VisualStudioVersion = 17.14.36109.1 d17.14
MinimumVisualStudioVersion = 10.0.40219.1
Project("{FAE04EC0-301F-11D3-BF4B-00C04F79EFBC}") = "Konyvtarkezelo", "Konyvtarkezelo.csproj", "{584E422E-8FCE-436A-8C14-AEFEFC1F3FE0}"
EndProject
Global
	GlobalSection(SolutionConfigurationPlatforms) = preSolution
		Debug|Any CPU = Debug|Any CPU
		Release|Any CPU = Release|Any CPU
	EndGlobalSection
	GlobalSection(ProjectConfigurationPlatforms) = postSolution
		{584E422E-8FCE-436A-8C14-AEFEFC1F3FE0}.Debug|Any CPU.ActiveCfg = Debug|Any CPU
		{584E422E-8FCE-436A-8C14-AEFEFC1F3FE0}.Debug|Any CPU.Build.0 = Debug|Any CPU
		{584E422E-8FCE-436A-8C14-AEFEFC1F3FE0}.Release|Any CPU.ActiveCfg = Release|Any CPU
		{584E422E-8FCE-436A-8C14-AEFEFC1F3FE0}.Release|Any CPU.Build.0 = Release|Any CPU
	EndGlobalSection
	GlobalSection(SolutionProperties) = preSolution
		HideSolutionNode = FALSE
	EndGlobalSection
	GlobalSection(ExtensibilityGlobals) = postSolution
		SolutionGuid = {D02A27C9-09E0-4C6A-9886-72C07E72109B}
	EndGlobalSection
EndGlobal
